
Microsoft Visual Studio Solution File, Format Version 12.00
# Visual Studio Version 16
VisualStudioVersion = 16.0.30011.22
MinimumVisualStudioVersion = 10.0.40219.1
Project("{FAE04EC0-301F-11D3-BF4B-00C04F79EFBC}") = "CopyAssistant", "CopyAssistant\CopyAssistant.csproj", "{08B63BBA-E9E8-43C8-922C-2BACBD566D19}"
EndProject
Global
	GlobalSection(SolutionConfigurationPlatforms) = preSolution
		Debug|Any CPU = Debug|Any CPU
		Release|Any CPU = Release|Any CPU
	EndGlobalSection
	GlobalSection(ProjectConfigurationPlatforms) = postSolution
		{08B63BBA-E9E8-43C8-922C-2BACBD566D19}.Debug|Any CPU.ActiveCfg = Debug|Any CPU
		{08B63BBA-E9E8-43C8-922C-2BACBD566D19}.Debug|Any CPU.Build.0 = Debug|Any CPU
		{08B63BBA-E9E8-43C8-922C-2BACBD566D19}.Release|Any CPU.ActiveCfg = Release|Any CPU
		{08B63BBA-E9E8-43C8-922C-2BACBD566D19}.Release|Any CPU.Build.0 = Release|Any CPU
	EndGlobalSection
	GlobalSection(SolutionProperties) = preSolution
		HideSolutionNode = FALSE
	EndGlobalSection
	GlobalSection(ExtensibilityGlobals) = postSolution
		SolutionGuid = {223158A5-0644-4E9B-95BE-E0C2A3011D21}
	EndGlobalSection
EndGlobal
